
Microsoft Visual Studio Solution File, Format Version 12.00
# Visual Studio Version 17
VisualStudioVersion = 17.2.32526.322
MinimumVisualStudioVersion = 10.0.40219.1
Project("{8BC9CEB8-8B4A-11D0-8D11-00A0C91BC942}") = "CONTACT", "CONTACT.vcxproj", "{ACBF423A-670E-4014-99A9-D77CB24500CC}"
EndProject
Global
	GlobalSection(SolutionConfigurationPlatforms) = preSolution
		Debug|x64 = Debug|x64
		Debug|x86 = Debug|x86
		Release|x64 = Release|x64
		Release|x86 = Release|x86
	EndGlobalSection
	GlobalSection(ProjectConfigurationPlatforms) = postSolution
		{ACBF423A-670E-4014-99A9-D77CB24500CC}.Debug|x64.ActiveCfg = Debug|x64
		{ACBF423A-670E-4014-99A9-D77CB24500CC}.Debug|x64.Build.0 = Debug|x64
		{ACBF423A-670E-4014-99A9-D77CB24500CC}.Debug|x86.ActiveCfg = Debug|Win32
		{ACBF423A-670E-4014-99A9-D77CB24500CC}.Debug|x86.Build.0 = Debug|Win32
		{ACBF423A-670E-4014-99A9-D77CB24500CC}.Release|x64.ActiveCfg = Release|x64
		{ACBF423A-670E-4014-99A9-D77CB24500CC}.Release|x64.Build.0 = Release|x64
		{ACBF423A-670E-4014-99A9-D77CB24500CC}.Release|x86.ActiveCfg = Release|Win32
		{ACBF423A-670E-4014-99A9-D77CB24500CC}.Release|x86.Build.0 = Release|Win32
	EndGlobalSection
	GlobalSection(SolutionProperties) = preSolution
		HideSolutionNode = FALSE
	EndGlobalSection
	GlobalSection(ExtensibilityGlobals) = postSolution
		SolutionGuid = {16472CCA-686E-4C02-8098-AD3097B8D5A8}
	EndGlobalSection
EndGlobal
